GEM
  remote: https://rubygems.org/
  specs:
    addressable (2.2.8)
    em-websocket (0.3.6)
      addressable (>= 2.1.1)
      eventmachine (>= 0.12.9)
    eventmachine (0.12.10)
    eventmachine_httpserver (0.2.1)
    json (1.7.3)

PLATFORMS
  ruby

DEPENDENCIES
  em-websocket
  eventmachine_httpserver
  json
